
Microsoft Visual Studio Solution File, Format Version 12.00
# Visual Studio Version 17
VisualStudioVersion = 17.8.34322.80
MinimumVisualStudioVersion = 10.0.40219.1
Project("{FAE04EC0-301F-11D3-BF4B-00C04F79EFBC}") = "PortfolioProjectNight", "PortfolioProjectNight\PortfolioProjectNight.csproj", "{A6CFFE7D-172E-4949-86F2-4946B6668449}"
EndProject
Global
	GlobalSection(SolutionConfigurationPlatforms) = preSolution
		Debug|Any CPU = Debug|Any CPU
		Release|Any CPU = Release|Any CPU
	EndGlobalSection
	GlobalSection(ProjectConfigurationPlatforms) = postSolution
		{A6CFFE7D-172E-4949-86F2-4946B6668449}.Debug|Any CPU.ActiveCfg = Debug|Any CPU
		{A6CFFE7D-172E-4949-86F2-4946B6668449}.Debug|Any CPU.Build.0 = Debug|Any CPU
		{A6CFFE7D-172E-4949-86F2-4946B6668449}.Release|Any CPU.ActiveCfg = Release|Any CPU
		{A6CFFE7D-172E-4949-86F2-4946B6668449}.Release|Any CPU.Build.0 = Release|Any CPU
	EndGlobalSection
	GlobalSection(SolutionProperties) = preSolution
		HideSolutionNode = FALSE
	EndGlobalSection
	GlobalSection(ExtensibilityGlobals) = postSolution
		SolutionGuid = {B5CBF28D-E028-4DA0-A3DD-A89DD39B5C6F}
	EndGlobalSection
EndGlobal
